// !$*UTF8*$!
{
	archiveVersion = 1;
	classes = {
	};
	objectVersion = 52;
	objects = {

/* Begin PBXBuildFile section */
		00F69B8727690BFF00D7F23E /* AppDelegate.swift in Sources */ = {isa = PBXBuildFile; fileRef = 00F69B8627690BFF00D7F23E /* AppDelegate.swift */; };
		00F69B8927690BFF00D7F23E /* SceneDelegate.swift in Sources */ = {isa = PBXBuildFile; fileRef = 00F69B8827690BFF00D7F23E /* SceneDelegate.swift */; };
		00F69B9027690C0B00D7F23E /* Assets.xcassets in Resources */ = {isa = PBXBuildFile; fileRef = 00F69B8F27690C0B00D7F23E /* Assets.xcassets */; };
		00F69B9327690C0B00D7F23E /* LaunchScreen.storyboard in Resources */ = {isa = PBXBuildFile; fileRef = 00F69B9127690C0B00D7F23E /* LaunchScreen.storyboard */; };
		00F69B9D27690C8100D7F23E /* RxSwift in Frameworks */ = {isa = PBXBuildFile; productRef = 00F69B9C27690C8100D7F23E /* RxSwift */; };
		00F69B9F27690C8100D7F23E /* RxCocoa in Frameworks */ = {isa = PBXBuildFile; productRef = 00F69B9E27690C8100D7F23E /* RxCocoa */; };
		00F69BA127690C8100D7F23E /* RxRelay in Frameworks */ = {isa = PBXBuildFile; productRef = 00F69BA027690C8100D7F23E /* RxRelay */; };
		00F69BA527690CC100D7F23E /* Kingfisher in Frameworks */ = {isa = PBXBuildFile; productRef = 00F69BA427690CC100D7F23E /* Kingfisher */; };
		00F69BA927690CEC00D7F23E /* SnapKit in Frameworks */ = {isa = PBXBuildFile; productRef = 00F69BA827690CEC00D7F23E /* SnapKit */; };
		00F69BAD27690D4200D7F23E /* MainViewController.swift in Sources */ = {isa = PBXBuildFile; fileRef = 00F69BAC27690D4200D7F23E /* MainViewController.swift */; };
		00F69BB027690EAC00D7F23E /* SearchBar.swift in Sources */ = {isa = PBXBuildFile; fileRef = 00F69BAF27690EAC00D7F23E /* SearchBar.swift */; };
		00F69BB3276913BD00D7F23E /* FilterView.swift in Sources */ = {isa = PBXBuildFile; fileRef = 00F69BB2276913BD00D7F23E /* FilterView.swift */; };
		00F69BB6276915DB00D7F23E /* BlogList.swift in Sources */ = {isa = PBXBuildFile; fileRef = 00F69BB5276915DB00D7F23E /* BlogList.swift */; };
		00F69BB9276915F300D7F23E /* BlogListCell.swift in Sources */ = {isa = PBXBuildFile; fileRef = 00F69BB8276915F300D7F23E /* BlogListCell.swift */; };
		00F69BBC2769161100D7F23E /* BlogListCellData.swift in Sources */ = {isa = PBXBuildFile; fileRef = 00F69BBB2769161100D7F23E /* BlogListCellData.swift */; };
/* End PBXBuildFile section */

/* Begin PBXFileReference section */
		00F69B8327690BFF00D7F23E /* SearchBlog.app */ = {isa = PBXFileReference; explicitFileType = wrapper.application; includeInIndex = 0; path = SearchBlog.app; sourceTree = BUILT_PRODUCTS_DIR; };
		00F69B8627690BFF00D7F23E /* AppDelegate.swift */ = {isa = PBXFileReference; lastKnownFileType = sourcecode.swift; path = AppDelegate.swift; sourceTree = "<group>"; };
		00F69B8827690BFF00D7F23E /* SceneDelegate.swift */ = {isa = PBXFileReference; lastKnownFileType = sourcecode.swift; path = SceneDelegate.swift; sourceTree = "<group>"; };
		00F69B8F27690C0B00D7F23E /* Assets.xcassets */ = {isa = PBXFileReference; lastKnownFileType = folder.assetcatalog; path = Assets.xcassets; sourceTree = "<group>"; };
		00F69B9227690C0B00D7F23E /* Base */ = {isa = PBXFileReference; lastKnownFileType = file.storyboard; name = Base; path = Base.lproj/LaunchScreen.storyboard; sourceTree = "<group>"; };
		00F69B9427690C0B00D7F23E /* Info.plist */ = {isa = PBXFileReference; lastKnownFileType = text.plist.xml; path = Info.plist; sourceTree = "<group>"; };
		00F69BAC27690D4200D7F23E /* MainViewController.swift */ = {isa = PBXFileReference; lastKnownFileType = sourcecode.swift; path = MainViewController.swift; sourceTree = "<group>"; };
		00F69BAF27690EAC00D7F23E /* SearchBar.swift */ = {isa = PBXFileReference; lastKnownFileType = sourcecode.swift; path = SearchBar.swift; sourceTree = "<group>"; };
		00F69BB2276913BD00D7F23E /* FilterView.swift */ = {isa = PBXFileReference; lastKnownFileType = sourcecode.swift; path = FilterView.swift; sourceTree = "<group>"; };
		00F69BB5276915DB00D7F23E /* BlogList.swift */ = {isa = PBXFileReference; lastKnownFileType = sourcecode.swift; path = BlogList.swift; sourceTree = "<group>"; };
		00F69BB8276915F300D7F23E /* BlogListCell.swift */ = {isa = PBXFileReference; lastKnownFileType = sourcecode.swift; path = BlogListCell.swift; sourceTree = "<group>"; };
		00F69BBB2769161100D7F23E /* BlogListCellData.swift */ = {isa = PBXFileReference; lastKnownFileType = sourcecode.swift; path = BlogListCellData.swift; sourceTree = "<group>"; };
/* End PBXFileReference section */

/* Begin PBXFrameworksBuildPhase section */
		00F69B8027690BFF00D7F23E /* Frameworks */ = {
			isa = PBXFrameworksBuildPhase;
			buildActionMask = 2147483647;
			files = (
				00F69BA527690CC100D7F23E /* Kingfisher in Frameworks */,
				00F69BA127690C8100D7F23E /* RxRelay in Frameworks */,
				00F69B9F27690C8100D7F23E /* RxCocoa in Frameworks */,
				00F69B9D27690C8100D7F23E /* RxSwift in Frameworks */,
				00F69BA927690CEC00D7F23E /* SnapKit in Frameworks */,
			);
			runOnlyForDeploymentPostprocessing = 0;
		};
/* End PBXFrameworksBuildPhase section */

/* Begin PBXGroup section */
		00F69B7A27690BFE00D7F23E = {
			isa = PBXGroup;
			children = (
				00F69B8527690BFF00D7F23E /* SearchBlog */,
				00F69B8427690BFF00D7F23E /* Products */,
			);
			sourceTree = "<group>";
		};
		00F69B8427690BFF00D7F23E /* Products */ = {
			isa = PBXGroup;
			children = (
				00F69B8327690BFF00D7F23E /* SearchBlog.app */,
			);
			name = Products;
			sourceTree = "<group>";
		};
		00F69B8527690BFF00D7F23E /* SearchBlog */ = {
			isa = PBXGroup;
			children = (
				00F69B8627690BFF00D7F23E /* AppDelegate.swift */,
				00F69B8827690BFF00D7F23E /* SceneDelegate.swift */,
				00F69BC12769165F00D7F23E /* Entities */,
				00F69BBF2769164C00D7F23E /* Presentation */,
				00F69B8F27690C0B00D7F23E /* Assets.xcassets */,
				00F69B9127690C0B00D7F23E /* LaunchScreen.storyboard */,
				00F69B9427690C0B00D7F23E /* Info.plist */,
			);
			path = SearchBlog;
			sourceTree = "<group>";
		};
		00F69BBF2769164C00D7F23E /* Presentation */ = {
			isa = PBXGroup;
			children = (
				00F69BC727691D4300D7F23E /* MainViewController */,
			);
			path = Presentation;
			sourceTree = "<group>";
		};
		00F69BC12769165F00D7F23E /* Entities */ = {
			isa = PBXGroup;
			children = (
				00F69BBB2769161100D7F23E /* BlogListCellData.swift */,
			);
			path = Entities;
			sourceTree = "<group>";
		};
		00F69BC627691D3700D7F23E /* SubComponents */ = {
			isa = PBXGroup;
			children = (
				00F69BC927691D5800D7F23E /* SearchBar */,
				00F69BCC27691D6600D7F23E /* BlogListView */,
			);
			path = SubComponents;
			sourceTree = "<group>";
		};
		00F69BC727691D4300D7F23E /* MainViewController */ = {
			isa = PBXGroup;
			children = (
				00F69BAC27690D4200D7F23E /* MainViewController.swift */,
				00F69BC627691D3700D7F23E /* SubComponents */,
			);
			path = MainViewController;
			sourceTree = "<group>";
		};
		00F69BC927691D5800D7F23E /* SearchBar */ = {
			isa = PBXGroup;
			children = (
				00F69BAF27690EAC00D7F23E /* SearchBar.swift */,
			);
			path = SearchBar;
			sourceTree = "<group>";
		};
		00F69BCC27691D6600D7F23E /* BlogListView */ = {
			isa = PBXGroup;
			children = (
				00F69BB5276915DB00D7F23E /* BlogList.swift */,
				00F69BCE27691D7B00D7F23E /* SubComponents */,
			);
			path = BlogListView;
			sourceTree = "<group>";
		};
		00F69BCE27691D7B00D7F23E /* SubComponents */ = {
			isa = PBXGroup;
			children = (
				00F69BB2276913BD00D7F23E /* FilterView.swift */,
				00F69BB8276915F300D7F23E /* BlogListCell.swift */,
			);
			path = SubComponents;
			sourceTree = "<group>";
		};
/* End PBXGroup section */

/* Begin PBXNativeTarget section */
		00F69B8227690BFF00D7F23E /* SearchBlog */ = {
			isa = PBXNativeTarget;
			buildConfigurationList = 00F69B9727690C0B00D7F23E /* Build configuration list for PBXNativeTarget "SearchBlog" */;
			buildPhases = (
				00F69B7F27690BFF00D7F23E /* Sources */,
				00F69B8027690BFF00D7F23E /* Frameworks */,
				00F69B8127690BFF00D7F23E /* Resources */,
			);
			buildRules = (
			);
			dependencies = (
			);
			name = SearchBlog;
			packageProductDependencies = (
				00F69B9C27690C8100D7F23E /* RxSwift */,
				00F69B9E27690C8100D7F23E /* RxCocoa */,
				00F69BA027690C8100D7F23E /* RxRelay */,
				00F69BA427690CC100D7F23E /* Kingfisher */,
				00F69BA827690CEC00D7F23E /* SnapKit */,
			);
			productName = SearchBlog;
			productReference = 00F69B8327690BFF00D7F23E /* SearchBlog.app */;
			productType = "com.apple.product-type.application";
		};
/* End PBXNativeTarget section */

/* Begin PBXProject section */
		00F69B7B27690BFE00D7F23E /* Project object */ = {
			isa = PBXProject;
			attributes = {
				LastSwiftUpdateCheck = 1240;
				LastUpgradeCheck = 1240;
				TargetAttributes = {
					00F69B8227690BFF00D7F23E = {
						CreatedOnToolsVersion = 12.4;
					};
				};
			};
			buildConfigurationList = 00F69B7E27690BFE00D7F23E /* Build configuration list for PBXProject "SearchBlog" */;
			compatibilityVersion = "Xcode 9.3";
			developmentRegion = en;
			hasScannedForEncodings = 0;
			knownRegions = (
				en,
				Base,
			);
			mainGroup = 00F69B7A27690BFE00D7F23E;
			packageReferences = (
				00F69B9B27690C8100D7F23E /* XCRemoteSwiftPackageReference "rxswift" */,
				00F69BA327690CC100D7F23E /* XCRemoteSwiftPackageReference "Kingfisher" */,
				00F69BA727690CEB00D7F23E /* XCRemoteSwiftPackageReference "snapkit" */,
			);
			productRefGroup = 00F69B8427690BFF00D7F23E /* Products */;
			projectDirPath = "";
			projectRoot = "";
			targets = (
				00F69B8227690BFF00D7F23E /* SearchBlog */,
			);
		};
/* End PBXProject section */

/* Begin PBXResourcesBuildPhase section */
		00F69B8127690BFF00D7F23E /* Resources */ = {
			isa = PBXResourcesBuildPhase;
			buildActionMask = 2147483647;
			files = (
				00F69B9327690C0B00D7F23E /* LaunchScreen.storyboard in Resources */,
				00F69B9027690C0B00D7F23E /* Assets.xcassets in Resources */,
			);
			runOnlyForDeploymentPostprocessing = 0;
		};
/* End PBXResourcesBuildPhase section */

/* Begin PBXSourcesBuildPhase section */
		00F69B7F27690BFF00D7F23E /* Sources */ = {
			isa = PBXSourcesBuildPhase;
			buildActionMask = 2147483647;
			files = (
				00F69BAD27690D4200D7F23E /* MainViewController.swift in Sources */,
				00F69BB9276915F300D7F23E /* BlogListCell.swift in Sources */,
				00F69BB6276915DB00D7F23E /* BlogList.swift in Sources */,
				00F69BB027690EAC00D7F23E /* SearchBar.swift in Sources */,
				00F69B8727690BFF00D7F23E /* AppDelegate.swift in Sources */,
				00F69BB3276913BD00D7F23E /* FilterView.swift in Sources */,
				00F69B8927690BFF00D7F23E /* SceneDelegate.swift in Sources */,
				00F69BBC2769161100D7F23E /* BlogListCellData.swift in Sources */,
			);
			runOnlyForDeploymentPostprocessing = 0;
		};
/* End PBXSourcesBuildPhase section */

/* Begin PBXVariantGroup section */
		00F69B9127690C0B00D7F23E /* LaunchScreen.storyboard */ = {
			isa = PBXVariantGroup;
			children = (
				00F69B9227690C0B00D7F23E /* Base */,
			);
			name = LaunchScreen.storyboard;
			sourceTree = "<group>";
		};
/* End PBXVariantGroup section */

/* Begin XCBuildConfiguration section */
		00F69B9527690C0B00D7F23E /* Debug */ = {
			isa = XCBuildConfiguration;
			buildSettings = {
				ALWAYS_SEARCH_USER_PATHS = NO;
				CLANG_ANALYZER_NONNULL = YES;
				CLANG_ANALYZER_NUMBER_OBJECT_CONVERSION = YES_AGGRESSIVE;
				CLANG_CXX_LANGUAGE_STANDARD = "gnu++14";
				CLANG_CXX_LIBRARY = "libc++";
				CLANG_ENABLE_MODULES = YES;
				CLANG_ENABLE_OBJC_ARC = YES;
				CLANG_ENABLE_OBJC_WEAK = YES;
				CLANG_WARN_BLOCK_CAPTURE_AUTORELEASING = YES;
				CLANG_WARN_BOOL_CONVERSION = YES;
				CLANG_WARN_COMMA = YES;
				CLANG_WARN_CONSTANT_CONVERSION = YES;
				CLANG_WARN_DEPRECATED_OBJC_IMPLEMENTATIONS = YES;
				CLANG_WARN_DIRECT_OBJC_ISA_USAGE = YES_ERROR;
				CLANG_WARN_DOCUMENTATION_COMMENTS = YES;
				CLANG_WARN_EMPTY_BODY = YES;
				CLANG_WARN_ENUM_CONVERSION = YES;
				CLANG_WARN_INFINITE_RECURSION = YES;
				CLANG_WARN_INT_CONVERSION = YES;
				CLANG_WARN_NON_LITERAL_NULL_CONVERSION = YES;
				CLANG_WARN_OBJC_IMPLICIT_RETAIN_SELF = YES;
				CLANG_WARN_OBJC_LITERAL_CONVERSION = YES;
				CLANG_WARN_OBJC_ROOT_CLASS = YES_ERROR;
				CLANG_WARN_QUOTED_INCLUDE_IN_FRAMEWORK_HEADER = YES;
				CLANG_WARN_RANGE_LOOP_ANALYSIS = YES;
				CLANG_WARN_STRICT_PROTOTYPES = YES;
				CLANG_WARN_SUSPICIOUS_MOVE = YES;
				CLANG_WARN_UNGUARDED_AVAILABILITY = YES_AGGRESSIVE;
				CLANG_WARN_UNREACHABLE_CODE = YES;
				CLANG_WARN__DUPLICATE_METHOD_MATCH = YES;
				COPY_PHASE_STRIP = NO;
				DEBUG_INFORMATION_FORMAT = dwarf;
				ENABLE_STRICT_OBJC_MSGSEND = YES;
				ENABLE_TESTABILITY = YES;
				GCC_C_LANGUAGE_STANDARD = gnu11;
				GCC_DYNAMIC_NO_PIC = NO;
				GCC_NO_COMMON_BLOCKS = YES;
				GCC_OPTIMIZATION_LEVEL = 0;
				GCC_PREPROCESSOR_DEFINITIONS = (
					"DEBUG=1",
					"$(inherited)",
				);
				GCC_WARN_64_TO_32_BIT_CONVERSION = YES;
				GCC_WARN_ABOUT_RETURN_TYPE = YES_ERROR;
				GCC_WARN_UNDECLARED_SELECTOR = YES;
				GCC_WARN_UNINITIALIZED_AUTOS = YES_AGGRESSIVE;
				GCC_WARN_UNUSED_FUNCTION = YES;
				GCC_WARN_UNUSED_VARIABLE = YES;
				IPHONEOS_DEPLOYMENT_TARGET = 14.4;
				MTL_ENABLE_DEBUG_INFO = INCLUDE_SOURCE;
				MTL_FAST_MATH = YES;
				ONLY_ACTIVE_ARCH = YES;
				SDKROOT = iphoneos;
				SWIFT_ACTIVE_COMPILATION_CONDITIONS = DEBUG;
				SWIFT_OPTIMIZATION_LEVEL = "-Onone";
			};
			name = Debug;
		};
		00F69B9627690C0B00D7F23E /* Release */ = {
			isa = XCBuildConfiguration;
			buildSettings = {
				ALWAYS_SEARCH_USER_PATHS = NO;
				CLANG_ANALYZER_NONNULL = YES;
				CLANG_ANALYZER_NUMBER_OBJECT_CONVERSION = YES_AGGRESSIVE;
				CLANG_CXX_LANGUAGE_STANDARD = "gnu++14";
				CLANG_CXX_LIBRARY = "libc++";
				CLANG_ENABLE_MODULES = YES;
				CLANG_ENABLE_OBJC_ARC = YES;
				CLANG_ENABLE_OBJC_WEAK = YES;
				CLANG_WARN_BLOCK_CAPTURE_AUTORELEASING = YES;
				CLANG_WARN_BOOL_CONVERSION = YES;
				CLANG_WARN_COMMA = YES;
				CLANG_WARN_CONSTANT_CONVERSION = YES;
				CLANG_WARN_DEPRECATED_OBJC_IMPLEMENTATIONS = YES;
				CLANG_WARN_DIRECT_OBJC_ISA_USAGE = YES_ERROR;
				CLANG_WARN_DOCUMENTATION_COMMENTS = YES;
				CLANG_WARN_EMPTY_BODY = YES;
				CLANG_WARN_ENUM_CONVERSION = YES;
				CLANG_WARN_INFINITE_RECURSION = YES;
				CLANG_WARN_INT_CONVERSION = YES;
				CLANG_WARN_NON_LITERAL_NULL_CONVERSION = YES;
				CLANG_WARN_OBJC_IMPLICIT_RETAIN_SELF = YES;
				CLANG_WARN_OBJC_LITERAL_CONVERSION = YES;
				CLANG_WARN_OBJC_ROOT_CLASS = YES_ERROR;
				CLANG_WARN_QUOTED_INCLUDE_IN_FRAMEWORK_HEADER = YES;
				CLANG_WARN_RANGE_LOOP_ANALYSIS = YES;
				CLANG_WARN_STRICT_PROTOTYPES = YES;
				CLANG_WARN_SUSPICIOUS_MOVE = YES;
				CLANG_WARN_UNGUARDED_AVAILABILITY = YES_AGGRESSIVE;
				CLANG_WARN_UNREACHABLE_CODE = YES;
				CLANG_WARN__DUPLICATE_METHOD_MATCH = YES;
				COPY_PHASE_STRIP = NO;
				DEBUG_INFORMATION_FORMAT = "dwarf-with-dsym";
				ENABLE_NS_ASSERTIONS = NO;
				ENABLE_STRICT_OBJC_MSGSEND = YES;
				GCC_C_LANGUAGE_STANDARD = gnu11;
				GCC_NO_COMMON_BLOCKS = YES;
				GCC_WARN_64_TO_32_BIT_CONVERSION = YES;
				GCC_WARN_ABOUT_RETURN_TYPE = YES_ERROR;
				GCC_WARN_UNDECLARED_SELECTOR = YES;
				GCC_WARN_UNINITIALIZED_AUTOS = YES_AGGRESSIVE;
				GCC_WARN_UNUSED_FUNCTION = YES;
				GCC_WARN_UNUSED_VARIABLE = YES;
				IPHONEOS_DEPLOYMENT_TARGET = 14.4;
				MTL_ENABLE_DEBUG_INFO = NO;
				MTL_FAST_MATH = YES;
				SDKROOT = iphoneos;
				SWIFT_COMPILATION_MODE = wholemodule;
				SWIFT_OPTIMIZATION_LEVEL = "-O";
				VALIDATE_PRODUCT = YES;
			};
			name = Release;
		};
		00F69B9827690C0B00D7F23E /* Debug */ = {
			isa = XCBuildConfiguration;
			buildSettings = {
				ASSETCATALOG_COMPILER_APPICON_NAME = AppIcon;
				ASSETCATALOG_COMPILER_GLOBAL_ACCENT_COLOR_NAME = AccentColor;
				CODE_SIGN_STYLE = Automatic;
				DEVELOPMENT_TEAM = U4T3R7AY6X;
				INFOPLIST_FILE = SearchBlog/Info.plist;
				LD_RUNPATH_SEARCH_PATHS = (
					"$(inherited)",
					"@executable_path/Frameworks",
				);
				PRODUCT_BUNDLE_IDENTIFIER = com.lyc.SearchBlog;
				PRODUCT_NAME = "$(TARGET_NAME)";
				SWIFT_VERSION = 5.0;
				TARGETED_DEVICE_FAMILY = "1,2";
			};
			name = Debug;
		};
		00F69B9927690C0B00D7F23E /* Release */ = {
			isa = XCBuildConfiguration;
			buildSettings = {
				ASSETCATALOG_COMPILER_APPICON_NAME = AppIcon;
				ASSETCATALOG_COMPILER_GLOBAL_ACCENT_COLOR_NAME = AccentColor;
				CODE_SIGN_STYLE = Automatic;
				DEVELOPMENT_TEAM = U4T3R7AY6X;
				INFOPLIST_FILE = SearchBlog/Info.plist;
				LD_RUNPATH_SEARCH_PATHS = (
					"$(inherited)",
					"@executable_path/Frameworks",
				);
				PRODUCT_BUNDLE_IDENTIFIER = com.lyc.SearchBlog;
				PRODUCT_NAME = "$(TARGET_NAME)";
				SWIFT_VERSION = 5.0;
				TARGETED_DEVICE_FAMILY = "1,2";
			};
			name = Release;
		};
/* End XCBuildConfiguration section */

/* Begin XCConfigurationList section */
		00F69B7E27690BFE00D7F23E /* Build configuration list for PBXProject "SearchBlog" */ = {
			isa = XCConfigurationList;
			buildConfigurations = (
				00F69B9527690C0B00D7F23E /* Debug */,
				00F69B9627690C0B00D7F23E /* Release */,
			);
			defaultConfigurationIsVisible = 0;
			defaultConfigurationName = Release;
		};
		00F69B9727690C0B00D7F23E /* Build configuration list for PBXNativeTarget "SearchBlog" */ = {
			isa = XCConfigurationList;
			buildConfigurations = (
				00F69B9827690C0B00D7F23E /* Debug */,
				00F69B9927690C0B00D7F23E /* Release */,
			);
			defaultConfigurationIsVisible = 0;
			defaultConfigurationName = Release;
		};
/* End XCConfigurationList section */

/* Begin XCRemoteSwiftPackageReference section */
		00F69B9B27690C8100D7F23E /* XCRemoteSwiftPackageReference "rxswift" */ = {
			isa = XCRemoteSwiftPackageReference;
			repositoryURL = "https://github.com/reactivex/rxswift.git";
			requirement = {
				kind = upToNextMajorVersion;
				minimumVersion = 6.2.0;
			};
		};
		00F69BA327690CC100D7F23E /* XCRemoteSwiftPackageReference "Kingfisher" */ = {
			isa = XCRemoteSwiftPackageReference;
			repositoryURL = "https://github.com/onevcat/Kingfisher.git";
			requirement = {
				kind = upToNextMajorVersion;
				minimumVersion = 7.1.2;
			};
		};
		00F69BA727690CEB00D7F23E /* XCRemoteSwiftPackageReference "snapkit" */ = {
			isa = XCRemoteSwiftPackageReference;
			repositoryURL = "https://github.com/snapkit/snapkit.git";
			requirement = {
				kind = upToNextMajorVersion;
				minimumVersion = 5.0.1;
			};
		};
/* End XCRemoteSwiftPackageReference section */

/* Begin XCSwiftPackageProductDependency section */
		00F69B9C27690C8100D7F23E /* RxSwift */ = {
			isa = XCSwiftPackageProductDependency;
			package = 00F69B9B27690C8100D7F23E /* XCRemoteSwiftPackageReference "rxswift" */;
			productName = RxSwift;
		};
		00F69B9E27690C8100D7F23E /* RxCocoa */ = {
			isa = XCSwiftPackageProductDependency;
			package = 00F69B9B27690C8100D7F23E /* XCRemoteSwiftPackageReference "rxswift" */;
			productName = RxCocoa;
		};
		00F69BA027690C8100D7F23E /* RxRelay */ = {
			isa = XCSwiftPackageProductDependency;
			package = 00F69B9B27690C8100D7F23E /* XCRemoteSwiftPackageReference "rxswift" */;
			productName = RxRelay;
		};
		00F69BA427690CC100D7F23E /* Kingfisher */ = {
			isa = XCSwiftPackageProductDependency;
			package = 00F69BA327690CC100D7F23E /* XCRemoteSwiftPackageReference "Kingfisher" */;
			productName = Kingfisher;
		};
		00F69BA827690CEC00D7F23E /* SnapKit */ = {
			isa = XCSwiftPackageProductDependency;
			package = 00F69BA727690CEB00D7F23E /* XCRemoteSwiftPackageReference "snapkit" */;
			productName = SnapKit;
		};
/* End XCSwiftPackageProductDependency section */
	};
	rootObject = 00F69B7B27690BFE00D7F23E /* Project object */;
}
